
Microsoft Visual Studio Solution File, Format Version 12.00
# Visual Studio Version 17
VisualStudioVersion = 17.8.34330.188
MinimumVisualStudioVersion = 10.0.40219.1
Project("{9A19103F-16F7-4668-BE54-9A1E7A4F7556}") = "DevFreela.API", "DevFreela.API\DevFreela.API.csproj", "{579336BD-2153-4CDE-A15D-0CA8293FE369}"
EndProject
Project("{9A19103F-16F7-4668-BE54-9A1E7A4F7556}") = "DevFreela.Core", "DevFreela.Core\DevFreela.Core.csproj", "{7C449894-3FE6-4400-89FC-A9A19407ADB7}"
EndProject
Project("{9A19103F-16F7-4668-BE54-9A1E7A4F7556}") = "DevFreela.Infrastructure", "DevFreela.Infrastructure\DevFreela.Infrastructure.csproj", "{06E30AD5-2477-4603-8D73-4A72476A80B3}"
EndProject
Project("{9A19103F-16F7-4668-BE54-9A1E7A4F7556}") = "DevFreela.Application", "DevFreela.Application\DevFreela.Application.csproj", "{F8E65281-AA97-4381-99F2-7053B88BCCFB}"
EndProject
Project("{FAE04EC0-301F-11D3-BF4B-00C04F79EFBC}") = "DevFreela.UnitTests", "DevFreela.UnitTests\DevFreela.UnitTests.csproj", "{76CA6FAE-D462-445F-8973-13E4AFC4F885}"
EndProject
Global
	GlobalSection(SolutionConfigurationPlatforms) = preSolution
		Debug|Any CPU = Debug|Any CPU
		Release|Any CPU = Release|Any CPU
	EndGlobalSection
	GlobalSection(ProjectConfigurationPlatforms) = postSolution
		{579336BD-2153-4CDE-A15D-0CA8293FE369}.Debug|Any CPU.ActiveCfg = Debug|Any CPU
		{579336BD-2153-4CDE-A15D-0CA8293FE369}.Debug|Any CPU.Build.0 = Debug|Any CPU
		{579336BD-2153-4CDE-A15D-0CA8293FE369}.Release|Any CPU.ActiveCfg = Release|Any CPU
		{579336BD-2153-4CDE-A15D-0CA8293FE369}.Release|Any CPU.Build.0 = Release|Any CPU
		{7C449894-3FE6-4400-89FC-A9A19407ADB7}.Debug|Any CPU.ActiveCfg = Debug|Any CPU
		{7C449894-3FE6-4400-89FC-A9A19407ADB7}.Debug|Any CPU.Build.0 = Debug|Any CPU
		{7C449894-3FE6-4400-89FC-A9A19407ADB7}.Release|Any CPU.ActiveCfg = Release|Any CPU
		{7C449894-3FE6-4400-89FC-A9A19407ADB7}.Release|Any CPU.Build.0 = Release|Any CPU
		{06E30AD5-2477-4603-8D73-4A72476A80B3}.Debug|Any CPU.ActiveCfg = Debug|Any CPU
		{06E30AD5-2477-4603-8D73-4A72476A80B3}.Debug|Any CPU.Build.0 = Debug|Any CPU
		{06E30AD5-2477-4603-8D73-4A72476A80B3}.Release|Any CPU.ActiveCfg = Release|Any CPU
		{06E30AD5-2477-4603-8D73-4A72476A80B3}.Release|Any CPU.Build.0 = Release|Any CPU
		{F8E65281-AA97-4381-99F2-7053B88BCCFB}.Debug|Any CPU.ActiveCfg = Debug|Any CPU
		{F8E65281-AA97-4381-99F2-7053B88BCCFB}.Debug|Any CPU.Build.0 = Debug|Any CPU
		{F8E65281-AA97-4381-99F2-7053B88BCCFB}.Release|Any CPU.ActiveCfg = Release|Any CPU
		{F8E65281-AA97-4381-99F2-7053B88BCCFB}.Release|Any CPU.Build.0 = Release|Any CPU
		{76CA6FAE-D462-445F-8973-13E4AFC4F885}.Debug|Any CPU.ActiveCfg = Debug|Any CPU
		{76CA6FAE-D462-445F-8973-13E4AFC4F885}.Debug|Any CPU.Build.0 = Debug|Any CPU
		{76CA6FAE-D462-445F-8973-13E4AFC4F885}.Release|Any CPU.ActiveCfg = Release|Any CPU
		{76CA6FAE-D462-445F-8973-13E4AFC4F885}.Release|Any CPU.Build.0 = Release|Any CPU
	EndGlobalSection
	GlobalSection(SolutionProperties) = preSolution
		HideSolutionNode = FALSE
	EndGlobalSection
	GlobalSection(ExtensibilityGlobals) = postSolution
		SolutionGuid = {63A5844F-AFD1-4556-B994-E9129111F402}
	EndGlobalSection
EndGlobal
